
Microsoft Visual Studio Solution File, Format Version 12.00
# Visual Studio Version 17
VisualStudioVersion = 17.3.32825.248
MinimumVisualStudioVersion = 10.0.40219.1
Project("{FAE04EC0-301F-11D3-BF4B-00C04F79EFBC}") = "MidTest.Net", "MidTest.Net.csproj", "{BBD5C7CB-7182-4634-86A0-DCB0AA53E193}"
EndProject
Global
	GlobalSection(SolutionConfigurationPlatforms) = preSolution
		Debug|Any CPU = Debug|Any CPU
		Release|Any CPU = Release|Any CPU
	EndGlobalSection
	GlobalSection(ProjectConfigurationPlatforms) = postSolution
		{BBD5C7CB-7182-4634-86A0-DCB0AA53E193}.Debug|Any CPU.ActiveCfg = Debug|Any CPU
		{BBD5C7CB-7182-4634-86A0-DCB0AA53E193}.Debug|Any CPU.Build.0 = Debug|Any CPU
		{BBD5C7CB-7182-4634-86A0-DCB0AA53E193}.Release|Any CPU.ActiveCfg = Release|Any CPU
		{BBD5C7CB-7182-4634-86A0-DCB0AA53E193}.Release|Any CPU.Build.0 = Release|Any CPU
	EndGlobalSection
	GlobalSection(SolutionProperties) = preSolution
		HideSolutionNode = FALSE
	EndGlobalSection
	GlobalSection(ExtensibilityGlobals) = postSolution
		SolutionGuid = {81E4D7BE-B691-44E4-AFE5-3A184B58CF99}
	EndGlobalSection
EndGlobal
